// !$*UTF8*$!
{
	archiveVersion = 1;
	classes = {
	};
	objectVersion = 56;
	objects = {

/* Begin PBXBuildFile section */
		7CB03A4C2A4AD7C50078E96D /* AppDelegate.swift in Sources */ = {isa = PBXBuildFile; fileRef = 7CB03A4B2A4AD7C50078E96D /* AppDelegate.swift */; };
		7CB03A502A4AD7C50078E96D /* ViewController.swift in Sources */ = {isa = PBXBuildFile; fileRef = 7CB03A4F2A4AD7C50078E96D /* ViewController.swift */; };
		7CB03A532A4AD7C50078E96D /* Main.storyboard in Resources */ = {isa = PBXBuildFile; fileRef = 7CB03A512A4AD7C50078E96D /* Main.storyboard */; };
		7CB03A552A4AD7C70078E96D /* Assets.xcassets in Resources */ = {isa = PBXBuildFile; fileRef = 7CB03A542A4AD7C70078E96D /* Assets.xcassets */; };
		7CB03A582A4AD7C70078E96D /* LaunchScreen.storyboard in Resources */ = {isa = PBXBuildFile; fileRef = 7CB03A562A4AD7C70078E96D /* LaunchScreen.storyboard */; };
		7CC095DA2A58131200860312 /* Nibable.swift in Sources */ = {isa = PBXBuildFile; fileRef = 7CC095D92A58131200860312 /* Nibable.swift */; };
		7CC095DC2A58185500860312 /* NSObjectProtocol+.swift in Sources */ = {isa = PBXBuildFile; fileRef = 7CC095DB2A58185500860312 /* NSObjectProtocol+.swift */; };
		7CC095DE2A5818DC00860312 /* Storyboadable.swift in Sources */ = {isa = PBXBuildFile; fileRef = 7CC095DD2A5818DC00860312 /* Storyboadable.swift */; };
		7CC095E02A5825A200860312 /* UITableViewCell+.swift in Sources */ = {isa = PBXBuildFile; fileRef = 7CC095DF2A5825A200860312 /* UITableViewCell+.swift */; };
		7CC095E22A5825FD00860312 /* UIWindow+.swift in Sources */ = {isa = PBXBuildFile; fileRef = 7CC095E12A5825FD00860312 /* UIWindow+.swift */; };
		7CC095E42A58262300860312 /* UIViewController+.swift in Sources */ = {isa = PBXBuildFile; fileRef = 7CC095E32A58262300860312 /* UIViewController+.swift */; };
		7CC095E62A58311100860312 /* UIApplication+.swift in Sources */ = {isa = PBXBuildFile; fileRef = 7CC095E52A58311100860312 /* UIApplication+.swift */; };
		7CC095E82A58691F00860312 /* UITableView+.swift in Sources */ = {isa = PBXBuildFile; fileRef = 7CC095E72A58691F00860312 /* UITableView+.swift */; };
		7CC095EA2A586BF300860312 /* UICollectionViewCell+.swift in Sources */ = {isa = PBXBuildFile; fileRef = 7CC095E92A586BF300860312 /* UICollectionViewCell+.swift */; };
		7CC095EC2A586C4600860312 /* UICollectionView.swift in Sources */ = {isa = PBXBuildFile; fileRef = 7CC095EB2A586C4600860312 /* UICollectionView.swift */; };
		7CC095EE2A5871B700860312 /* Dictionary+.swift in Sources */ = {isa = PBXBuildFile; fileRef = 7CC095ED2A5871B700860312 /* Dictionary+.swift */; };
		7CC095F02A58737400860312 /* Collection+.swift in Sources */ = {isa = PBXBuildFile; fileRef = 7CC095EF2A58737400860312 /* Collection+.swift */; };
		7CC095F22A58751A00860312 /* Array+.swift in Sources */ = {isa = PBXBuildFile; fileRef = 7CC095F12A58751A00860312 /* Array+.swift */; };
		7CC095F42A59092900860312 /* Operators.swift in Sources */ = {isa = PBXBuildFile; fileRef = 7CC095F32A59092900860312 /* Operators.swift */; };
		7CC095F62A5A7C6A00860312 /* RxLab.swift in Sources */ = {isa = PBXBuildFile; fileRef = 7CC095F52A5A7C6A00860312 /* RxLab.swift */; };
		7CC095F82A5AC50B00860312 /* Json4Swift_Base.swift in Sources */ = {isa = PBXBuildFile; fileRef = 7CC095F72A5AC50B00860312 /* Json4Swift_Base.swift */; };
		86B8B669ED9A371AFE2A6AC9 /* Pods_Swfit59.framework in Frameworks */ = {isa = PBXBuildFile; fileRef = 75BC41618D9B35E7864ED9D6 /* Pods_Swfit59.framework */; };
/* End PBXBuildFile section */

/* Begin PBXFileReference section */
		75BC41618D9B35E7864ED9D6 /* Pods_Swfit59.framework */ = {isa = PBXFileReference; explicitFileType = wrapper.framework; includeInIndex = 0; path = Pods_Swfit59.framework; sourceTree = BUILT_PRODUCTS_DIR; };
		7CB03A482A4AD7C50078E96D /* Swfit59.app */ = {isa = PBXFileReference; explicitFileType = wrapper.application; includeInIndex = 0; path = Swfit59.app; sourceTree = BUILT_PRODUCTS_DIR; };
		7CB03A4B2A4AD7C50078E96D /* AppDelegate.swift */ = {isa = PBXFileReference; lastKnownFileType = sourcecode.swift; path = AppDelegate.swift; sourceTree = "<group>"; };
		7CB03A4F2A4AD7C50078E96D /* ViewController.swift */ = {isa = PBXFileReference; lastKnownFileType = sourcecode.swift; path = ViewController.swift; sourceTree = "<group>"; };
		7CB03A522A4AD7C50078E96D /* Base */ = {isa = PBXFileReference; lastKnownFileType = file.storyboard; name = Base; path = Base.lproj/Main.storyboard; sourceTree = "<group>"; };
		7CB03A542A4AD7C70078E96D /* Assets.xcassets */ = {isa = PBXFileReference; lastKnownFileType = folder.assetcatalog; path = Assets.xcassets; sourceTree = "<group>"; };
		7CB03A572A4AD7C70078E96D /* Base */ = {isa = PBXFileReference; lastKnownFileType = file.storyboard; name = Base; path = Base.lproj/LaunchScreen.storyboard; sourceTree = "<group>"; };
		7CB03A592A4AD7C70078E96D /* Info.plist */ = {isa = PBXFileReference; lastKnownFileType = text.plist.xml; path = Info.plist; sourceTree = "<group>"; };
		7CC095D92A58131200860312 /* Nibable.swift */ = {isa = PBXFileReference; lastKnownFileType = sourcecode.swift; path = Nibable.swift; sourceTree = "<group>"; };
		7CC095DB2A58185500860312 /* NSObjectProtocol+.swift */ = {isa = PBXFileReference; lastKnownFileType = sourcecode.swift; path = "NSObjectProtocol+.swift"; sourceTree = "<group>"; };
		7CC095DD2A5818DC00860312 /* Storyboadable.swift */ = {isa = PBXFileReference; lastKnownFileType = sourcecode.swift; path = Storyboadable.swift; sourceTree = "<group>"; };
		7CC095DF2A5825A200860312 /* UITableViewCell+.swift */ = {isa = PBXFileReference; lastKnownFileType = sourcecode.swift; path = "UITableViewCell+.swift"; sourceTree = "<group>"; };
		7CC095E12A5825FD00860312 /* UIWindow+.swift */ = {isa = PBXFileReference; lastKnownFileType = sourcecode.swift; path = "UIWindow+.swift"; sourceTree = "<group>"; };
		7CC095E32A58262300860312 /* UIViewController+.swift */ = {isa = PBXFileReference; lastKnownFileType = sourcecode.swift; path = "UIViewController+.swift"; sourceTree = "<group>"; };
		7CC095E52A58311100860312 /* UIApplication+.swift */ = {isa = PBXFileReference; lastKnownFileType = sourcecode.swift; path = "UIApplication+.swift"; sourceTree = "<group>"; };
		7CC095E72A58691F00860312 /* UITableView+.swift */ = {isa = PBXFileReference; lastKnownFileType = sourcecode.swift; path = "UITableView+.swift"; sourceTree = "<group>"; };
		7CC095E92A586BF300860312 /* UICollectionViewCell+.swift */ = {isa = PBXFileReference; lastKnownFileType = sourcecode.swift; path = "UICollectionViewCell+.swift"; sourceTree = "<group>"; };
		7CC095EB2A586C4600860312 /* UICollectionView.swift */ = {isa = PBXFileReference; lastKnownFileType = sourcecode.swift; path = UICollectionView.swift; sourceTree = "<group>"; };
		7CC095ED2A5871B700860312 /* Dictionary+.swift */ = {isa = PBXFileReference; lastKnownFileType = sourcecode.swift; path = "Dictionary+.swift"; sourceTree = "<group>"; };
		7CC095EF2A58737400860312 /* Collection+.swift */ = {isa = PBXFileReference; lastKnownFileType = sourcecode.swift; path = "Collection+.swift"; sourceTree = "<group>"; };
		7CC095F12A58751A00860312 /* Array+.swift */ = {isa = PBXFileReference; lastKnownFileType = sourcecode.swift; path = "Array+.swift"; sourceTree = "<group>"; };
		7CC095F32A59092900860312 /* Operators.swift */ = {isa = PBXFileReference; lastKnownFileType = sourcecode.swift; path = Operators.swift; sourceTree = "<group>"; };
		7CC095F52A5A7C6A00860312 /* RxLab.swift */ = {isa = PBXFileReference; lastKnownFileType = sourcecode.swift; path = RxLab.swift; sourceTree = "<group>"; };
		7CC095F72A5AC50B00860312 /* Json4Swift_Base.swift */ = {isa = PBXFileReference; lastKnownFileType = sourcecode.swift; path = Json4Swift_Base.swift; sourceTree = "<group>"; };
		E675A0C1F1E18DF04708C11A /* Pods-Swfit59.debug.xcconfig */ = {isa = PBXFileReference; includeInIndex = 1; lastKnownFileType = text.xcconfig; name = "Pods-Swfit59.debug.xcconfig"; path = "Target Support Files/Pods-Swfit59/Pods-Swfit59.debug.xcconfig"; sourceTree = "<group>"; };
		F53F2A87EB8BBAB6310C2351 /* Pods-Swfit59.release.xcconfig */ = {isa = PBXFileReference; includeInIndex = 1; lastKnownFileType = text.xcconfig; name = "Pods-Swfit59.release.xcconfig"; path = "Target Support Files/Pods-Swfit59/Pods-Swfit59.release.xcconfig"; sourceTree = "<group>"; };
/* End PBXFileReference section */

/* Begin PBXFrameworksBuildPhase section */
		7CB03A452A4AD7C50078E96D /* Frameworks */ = {
			isa = PBXFrameworksBuildPhase;
			buildActionMask = 2147483647;
			files = (
				86B8B669ED9A371AFE2A6AC9 /* Pods_Swfit59.framework in Frameworks */,
			);
			runOnlyForDeploymentPostprocessing = 0;
		};
/* End PBXFrameworksBuildPhase section */

/* Begin PBXGroup section */
		0ACFE910579D9A06F099EF2D /* Pods */ = {
			isa = PBXGroup;
			children = (
				E675A0C1F1E18DF04708C11A /* Pods-Swfit59.debug.xcconfig */,
				F53F2A87EB8BBAB6310C2351 /* Pods-Swfit59.release.xcconfig */,
			);
			path = Pods;
			sourceTree = "<group>";
		};
		2C419A1A644DBF756DF269A8 /* Frameworks */ = {
			isa = PBXGroup;
			children = (
				75BC41618D9B35E7864ED9D6 /* Pods_Swfit59.framework */,
			);
			name = Frameworks;
			sourceTree = "<group>";
		};
		7CB03A3F2A4AD7C50078E96D = {
			isa = PBXGroup;
			children = (
				7CB03A4A2A4AD7C50078E96D /* Swfit59 */,
				7CB03A492A4AD7C50078E96D /* Products */,
				0ACFE910579D9A06F099EF2D /* Pods */,
				2C419A1A644DBF756DF269A8 /* Frameworks */,
			);
			sourceTree = "<group>";
		};
		7CB03A492A4AD7C50078E96D /* Products */ = {
			isa = PBXGroup;
			children = (
				7CB03A482A4AD7C50078E96D /* Swfit59.app */,
			);
			name = Products;
			sourceTree = "<group>";
		};
		7CB03A4A2A4AD7C50078E96D /* Swfit59 */ = {
			isa = PBXGroup;
			children = (
				7CB03A4B2A4AD7C50078E96D /* AppDelegate.swift */,
				7CB03A4F2A4AD7C50078E96D /* ViewController.swift */,
				7CB03A512A4AD7C50078E96D /* Main.storyboard */,
				7CB03A542A4AD7C70078E96D /* Assets.xcassets */,
				7CB03A562A4AD7C70078E96D /* LaunchScreen.storyboard */,
				7CB03A592A4AD7C70078E96D /* Info.plist */,
				7CC095D92A58131200860312 /* Nibable.swift */,
				7CC095DB2A58185500860312 /* NSObjectProtocol+.swift */,
				7CC095DD2A5818DC00860312 /* Storyboadable.swift */,
				7CC095DF2A5825A200860312 /* UITableViewCell+.swift */,
				7CC095E12A5825FD00860312 /* UIWindow+.swift */,
				7CC095E32A58262300860312 /* UIViewController+.swift */,
				7CC095E52A58311100860312 /* UIApplication+.swift */,
				7CC095E72A58691F00860312 /* UITableView+.swift */,
				7CC095E92A586BF300860312 /* UICollectionViewCell+.swift */,
				7CC095EB2A586C4600860312 /* UICollectionView.swift */,
				7CC095ED2A5871B700860312 /* Dictionary+.swift */,
				7CC095EF2A58737400860312 /* Collection+.swift */,
				7CC095F12A58751A00860312 /* Array+.swift */,
				7CC095F32A59092900860312 /* Operators.swift */,
				7CC095F52A5A7C6A00860312 /* RxLab.swift */,
				7CC095F72A5AC50B00860312 /* Json4Swift_Base.swift */,
			);
			path = Swfit59;
			sourceTree = "<group>";
		};
/* End PBXGroup section */

/* Begin PBXNativeTarget section */
		7CB03A472A4AD7C50078E96D /* Swfit59 */ = {
			isa = PBXNativeTarget;
			buildConfigurationList = 7CB03A5C2A4AD7C70078E96D /* Build configuration list for PBXNativeTarget "Swfit59" */;
			buildPhases = (
				03A40DA54F291472111F584F /* [CP] Check Pods Manifest.lock */,
				7CB03A442A4AD7C50078E96D /* Sources */,
				7CB03A452A4AD7C50078E96D /* Frameworks */,
				7CB03A462A4AD7C50078E96D /* Resources */,
				1717CD49BB97EE17D8E295F9 /* [CP] Embed Pods Frameworks */,
			);
			buildRules = (
			);
			dependencies = (
			);
			name = Swfit59;
			productName = Swfit59;
			productReference = 7CB03A482A4AD7C50078E96D /* Swfit59.app */;
			productType = "com.apple.product-type.application";
		};
/* End PBXNativeTarget section */

/* Begin PBXProject section */
		7CB03A402A4AD7C50078E96D /* Project object */ = {
			isa = PBXProject;
			attributes = {
				BuildIndependentTargetsInParallel = 1;
				LastSwiftUpdateCheck = 1430;
				LastUpgradeCheck = 1430;
				TargetAttributes = {
					7CB03A472A4AD7C50078E96D = {
						CreatedOnToolsVersion = 14.3.1;
					};
				};
			};
			buildConfigurationList = 7CB03A432A4AD7C50078E96D /* Build configuration list for PBXProject "Swfit59" */;
			compatibilityVersion = "Xcode 14.0";
			developmentRegion = en;
			hasScannedForEncodings = 0;
			knownRegions = (
				en,
				Base,
			);
			mainGroup = 7CB03A3F2A4AD7C50078E96D;
			productRefGroup = 7CB03A492A4AD7C50078E96D /* Products */;
			projectDirPath = "";
			projectRoot = "";
			targets = (
				7CB03A472A4AD7C50078E96D /* Swfit59 */,
			);
		};
/* End PBXProject section */

/* Begin PBXResourcesBuildPhase section */
		7CB03A462A4AD7C50078E96D /* Resources */ = {
			isa = PBXResourcesBuildPhase;
			buildActionMask = 2147483647;
			files = (
				7CB03A582A4AD7C70078E96D /* LaunchScreen.storyboard in Resources */,
				7CB03A552A4AD7C70078E96D /* Assets.xcassets in Resources */,
				7CB03A532A4AD7C50078E96D /* Main.storyboard in Resources */,
			);
			runOnlyForDeploymentPostprocessing = 0;
		};
/* End PBXResourcesBuildPhase section */

/* Begin PBXShellScriptBuildPhase section */
		03A40DA54F291472111F584F /* [CP] Check Pods Manifest.lock */ = {
			isa = PBXShellScriptBuildPhase;
			buildActionMask = 2147483647;
			files = (
			);
			inputFileListPaths = (
			);
			inputPaths = (
				"${PODS_PODFILE_DIR_PATH}/Podfile.lock",
				"${PODS_ROOT}/Manifest.lock",
			);
			name = "[CP] Check Pods Manifest.lock";
			outputFileListPaths = (
			);
			outputPaths = (
				"$(DERIVED_FILE_DIR)/Pods-Swfit59-checkManifestLockResult.txt",
			);
			runOnlyForDeploymentPostprocessing = 0;
			shellPath = /bin/sh;
			shellScript = "diff \"${PODS_PODFILE_DIR_PATH}/Podfile.lock\" \"${PODS_ROOT}/Manifest.lock\" > /dev/null\nif [ $? != 0 ] ; then\n    # print error to STDERR\n    echo \"error: The sandbox is not in sync with the Podfile.lock. Run 'pod install' or update your CocoaPods installation.\" >&2\n    exit 1\nfi\n# This output is used by Xcode 'outputs' to avoid re-running this script phase.\necho \"SUCCESS\" > \"${SCRIPT_OUTPUT_FILE_0}\"\n";
			showEnvVarsInLog = 0;
		};
		1717CD49BB97EE17D8E295F9 /* [CP] Embed Pods Frameworks */ = {
			isa = PBXShellScriptBuildPhase;
			buildActionMask = 2147483647;
			files = (
			);
			inputFileListPaths = (
				"${PODS_ROOT}/Target Support Files/Pods-Swfit59/Pods-Swfit59-frameworks-${CONFIGURATION}-input-files.xcfilelist",
			);
			name = "[CP] Embed Pods Frameworks";
			outputFileListPaths = (
				"${PODS_ROOT}/Target Support Files/Pods-Swfit59/Pods-Swfit59-frameworks-${CONFIGURATION}-output-files.xcfilelist",
			);
			runOnlyForDeploymentPostprocessing = 0;
			shellPath = /bin/sh;
			shellScript = "\"${PODS_ROOT}/Target Support Files/Pods-Swfit59/Pods-Swfit59-frameworks.sh\"\n";
			showEnvVarsInLog = 0;
		};
/* End PBXShellScriptBuildPhase section */

/* Begin PBXSourcesBuildPhase section */
		7CB03A442A4AD7C50078E96D /* Sources */ = {
			isa = PBXSourcesBuildPhase;
			buildActionMask = 2147483647;
			files = (
				7CB03A502A4AD7C50078E96D /* ViewController.swift in Sources */,
				7CC095F62A5A7C6A00860312 /* RxLab.swift in Sources */,
				7CC095E22A5825FD00860312 /* UIWindow+.swift in Sources */,
				7CC095EA2A586BF300860312 /* UICollectionViewCell+.swift in Sources */,
				7CC095E42A58262300860312 /* UIViewController+.swift in Sources */,
				7CC095F22A58751A00860312 /* Array+.swift in Sources */,
				7CC095E82A58691F00860312 /* UITableView+.swift in Sources */,
				7CC095F02A58737400860312 /* Collection+.swift in Sources */,
				7CC095DA2A58131200860312 /* Nibable.swift in Sources */,
				7CC095EC2A586C4600860312 /* UICollectionView.swift in Sources */,
				7CC095F42A59092900860312 /* Operators.swift in Sources */,
				7CC095F82A5AC50B00860312 /* Json4Swift_Base.swift in Sources */,
				7CC095DE2A5818DC00860312 /* Storyboadable.swift in Sources */,
				7CC095E62A58311100860312 /* UIApplication+.swift in Sources */,
				7CC095EE2A5871B700860312 /* Dictionary+.swift in Sources */,
				7CC095E02A5825A200860312 /* UITableViewCell+.swift in Sources */,
				7CB03A4C2A4AD7C50078E96D /* AppDelegate.swift in Sources */,
				7CC095DC2A58185500860312 /* NSObjectProtocol+.swift in Sources */,
			);
			runOnlyForDeploymentPostprocessing = 0;
		};
/* End PBXSourcesBuildPhase section */

/* Begin PBXVariantGroup section */
		7CB03A512A4AD7C50078E96D /* Main.storyboard */ = {
			isa = PBXVariantGroup;
			children = (
				7CB03A522A4AD7C50078E96D /* Base */,
			);
			name = Main.storyboard;
			sourceTree = "<group>";
		};
		7CB03A562A4AD7C70078E96D /* LaunchScreen.storyboard */ = {
			isa = PBXVariantGroup;
			children = (
				7CB03A572A4AD7C70078E96D /* Base */,
			);
			name = LaunchScreen.storyboard;
			sourceTree = "<group>";
		};
/* End PBXVariantGroup section */

/* Begin XCBuildConfiguration section */
		7CB03A5A2A4AD7C70078E96D /* Debug */ = {
			isa = XCBuildConfiguration;
			buildSettings = {
				ALWAYS_SEARCH_USER_PATHS = NO;
				CLANG_ANALYZER_NONNULL = YES;
				CLANG_ANALYZER_NUMBER_OBJECT_CONVERSION = YES_AGGRESSIVE;
				CLANG_CXX_LANGUAGE_STANDARD = "gnu++20";
				CLANG_ENABLE_MODULES = YES;
				CLANG_ENABLE_OBJC_ARC = YES;
				CLANG_ENABLE_OBJC_WEAK = YES;
				CLANG_WARN_BLOCK_CAPTURE_AUTORELEASING = YES;
				CLANG_WARN_BOOL_CONVERSION = YES;
				CLANG_WARN_COMMA = YES;
				CLANG_WARN_CONSTANT_CONVERSION = YES;
				CLANG_WARN_DEPRECATED_OBJC_IMPLEMENTATIONS = YES;
				CLANG_WARN_DIRECT_OBJC_ISA_USAGE = YES_ERROR;
				CLANG_WARN_DOCUMENTATION_COMMENTS = YES;
				CLANG_WARN_EMPTY_BODY = YES;
				CLANG_WARN_ENUM_CONVERSION = YES;
				CLANG_WARN_INFINITE_RECURSION = YES;
				CLANG_WARN_INT_CONVERSION = YES;
				CLANG_WARN_NON_LITERAL_NULL_CONVERSION = YES;
				CLANG_WARN_OBJC_IMPLICIT_RETAIN_SELF = YES;
				CLANG_WARN_OBJC_LITERAL_CONVERSION = YES;
				CLANG_WARN_OBJC_ROOT_CLASS = YES_ERROR;
				CLANG_WARN_QUOTED_INCLUDE_IN_FRAMEWORK_HEADER = YES;
				CLANG_WARN_RANGE_LOOP_ANALYSIS = YES;
				CLANG_WARN_STRICT_PROTOTYPES = YES;
				CLANG_WARN_SUSPICIOUS_MOVE = YES;
				CLANG_WARN_UNGUARDED_AVAILABILITY = YES_AGGRESSIVE;
				CLANG_WARN_UNREACHABLE_CODE = YES;
				CLANG_WARN__DUPLICATE_METHOD_MATCH = YES;
				COPY_PHASE_STRIP = NO;
				DEBUG_INFORMATION_FORMAT = dwarf;
				ENABLE_STRICT_OBJC_MSGSEND = YES;
				ENABLE_TESTABILITY = YES;
				GCC_C_LANGUAGE_STANDARD = gnu11;
				GCC_DYNAMIC_NO_PIC = NO;
				GCC_NO_COMMON_BLOCKS = YES;
				GCC_OPTIMIZATION_LEVEL = 0;
				GCC_PREPROCESSOR_DEFINITIONS = (
					"DEBUG=1",
					"$(inherited)",
				);
				GCC_WARN_64_TO_32_BIT_CONVERSION = YES;
				GCC_WARN_ABOUT_RETURN_TYPE = YES_ERROR;
				GCC_WARN_UNDECLARED_SELECTOR = YES;
				GCC_WARN_UNINITIALIZED_AUTOS = YES_AGGRESSIVE;
				GCC_WARN_UNUSED_FUNCTION = YES;
				GCC_WARN_UNUSED_VARIABLE = YES;
				IPHONEOS_DEPLOYMENT_TARGET = 16.4;
				MTL_ENABLE_DEBUG_INFO = INCLUDE_SOURCE;
				MTL_FAST_MATH = YES;
				ONLY_ACTIVE_ARCH = YES;
				SDKROOT = iphoneos;
				SWIFT_ACTIVE_COMPILATION_CONDITIONS = DEBUG;
				SWIFT_OPTIMIZATION_LEVEL = "-Onone";
			};
			name = Debug;
		};
		7CB03A5B2A4AD7C70078E96D /* Release */ = {
			isa = XCBuildConfiguration;
			buildSettings = {
				ALWAYS_SEARCH_USER_PATHS = NO;
				CLANG_ANALYZER_NONNULL = YES;
				CLANG_ANALYZER_NUMBER_OBJECT_CONVERSION = YES_AGGRESSIVE;
				CLANG_CXX_LANGUAGE_STANDARD = "gnu++20";
				CLANG_ENABLE_MODULES = YES;
				CLANG_ENABLE_OBJC_ARC = YES;
				CLANG_ENABLE_OBJC_WEAK = YES;
				CLANG_WARN_BLOCK_CAPTURE_AUTORELEASING = YES;
				CLANG_WARN_BOOL_CONVERSION = YES;
				CLANG_WARN_COMMA = YES;
				CLANG_WARN_CONSTANT_CONVERSION = YES;
				CLANG_WARN_DEPRECATED_OBJC_IMPLEMENTATIONS = YES;
				CLANG_WARN_DIRECT_OBJC_ISA_USAGE = YES_ERROR;
				CLANG_WARN_DOCUMENTATION_COMMENTS = YES;
				CLANG_WARN_EMPTY_BODY = YES;
				CLANG_WARN_ENUM_CONVERSION = YES;
				CLANG_WARN_INFINITE_RECURSION = YES;
				CLANG_WARN_INT_CONVERSION = YES;
				CLANG_WARN_NON_LITERAL_NULL_CONVERSION = YES;
				CLANG_WARN_OBJC_IMPLICIT_RETAIN_SELF = YES;
				CLANG_WARN_OBJC_LITERAL_CONVERSION = YES;
				CLANG_WARN_OBJC_ROOT_CLASS = YES_ERROR;
				CLANG_WARN_QUOTED_INCLUDE_IN_FRAMEWORK_HEADER = YES;
				CLANG_WARN_RANGE_LOOP_ANALYSIS = YES;
				CLANG_WARN_STRICT_PROTOTYPES = YES;
				CLANG_WARN_SUSPICIOUS_MOVE = YES;
				CLANG_WARN_UNGUARDED_AVAILABILITY = YES_AGGRESSIVE;
				CLANG_WARN_UNREACHABLE_CODE = YES;
				CLANG_WARN__DUPLICATE_METHOD_MATCH = YES;
				COPY_PHASE_STRIP = NO;
				DEBUG_INFORMATION_FORMAT = "dwarf-with-dsym";
				ENABLE_NS_ASSERTIONS = NO;
				ENABLE_STRICT_OBJC_MSGSEND = YES;
				GCC_C_LANGUAGE_STANDARD = gnu11;
				GCC_NO_COMMON_BLOCKS = YES;
				GCC_WARN_64_TO_32_BIT_CONVERSION = YES;
				GCC_WARN_ABOUT_RETURN_TYPE = YES_ERROR;
				GCC_WARN_UNDECLARED_SELECTOR = YES;
				GCC_WARN_UNINITIALIZED_AUTOS = YES_AGGRESSIVE;
				GCC_WARN_UNUSED_FUNCTION = YES;
				GCC_WARN_UNUSED_VARIABLE = YES;
				IPHONEOS_DEPLOYMENT_TARGET = 16.4;
				MTL_ENABLE_DEBUG_INFO = NO;
				MTL_FAST_MATH = YES;
				SDKROOT = iphoneos;
				SWIFT_COMPILATION_MODE = wholemodule;
				SWIFT_OPTIMIZATION_LEVEL = "-O";
				VALIDATE_PRODUCT = YES;
			};
			name = Release;
		};
		7CB03A5D2A4AD7C70078E96D /* Debug */ = {
			isa = XCBuildConfiguration;
			baseConfigurationReference = E675A0C1F1E18DF04708C11A /* Pods-Swfit59.debug.xcconfig */;
			buildSettings = {
				ASSETCATALOG_COMPILER_APPICON_NAME = AppIcon;
				ASSETCATALOG_COMPILER_GLOBAL_ACCENT_COLOR_NAME = AccentColor;
				CODE_SIGN_STYLE = Automatic;
				CURRENT_PROJECT_VERSION = 1;
				DEVELOPMENT_TEAM = WYMPMVT32S;
				GENERATE_INFOPLIST_FILE = YES;
				INFOPLIST_FILE = Swfit59/Info.plist;
				INFOPLIST_KEY_CFBundleDisplayName = Swift59;
				INFOPLIST_KEY_UIApplicationSupportsIndirectInputEvents = YES;
				INFOPLIST_KEY_UILaunchStoryboardName = LaunchScreen.storyboard;
				INFOPLIST_KEY_UIStatusBarStyle = "";
				INFOPLIST_KEY_UISupportedInterfaceOrientations = UIInterfaceOrientationPortrait;
				LD_RUNPATH_SEARCH_PATHS = (
					"$(inherited)",
					"@executable_path/Frameworks",
				);
				MARKETING_VERSION = 1.0;
				PRODUCT_BUNDLE_IDENTIFIER = com.soer.Swfit59;
				PRODUCT_NAME = "$(TARGET_NAME)";
				SUPPORTED_PLATFORMS = "iphoneos iphonesimulator";
				SUPPORTS_MACCATALYST = NO;
				SUPPORTS_MAC_DESIGNED_FOR_IPHONE_IPAD = NO;
				SWIFT_EMIT_LOC_STRINGS = YES;
				SWIFT_VERSION = 5.0;
				TARGETED_DEVICE_FAMILY = 1;
			};
			name = Debug;
		};
		7CB03A5E2A4AD7C70078E96D /* Release */ = {
			isa = XCBuildConfiguration;
			baseConfigurationReference = F53F2A87EB8BBAB6310C2351 /* Pods-Swfit59.release.xcconfig */;
			buildSettings = {
				ASSETCATALOG_COMPILER_APPICON_NAME = AppIcon;
				ASSETCATALOG_COMPILER_GLOBAL_ACCENT_COLOR_NAME = AccentColor;
				CODE_SIGN_STYLE = Automatic;
				CURRENT_PROJECT_VERSION = 1;
				DEVELOPMENT_TEAM = WYMPMVT32S;
				GENERATE_INFOPLIST_FILE = YES;
				INFOPLIST_FILE = Swfit59/Info.plist;
				INFOPLIST_KEY_CFBundleDisplayName = Swift59;
				INFOPLIST_KEY_UIApplicationSupportsIndirectInputEvents = YES;
				INFOPLIST_KEY_UILaunchStoryboardName = LaunchScreen.storyboard;
				INFOPLIST_KEY_UIStatusBarStyle = "";
				INFOPLIST_KEY_UISupportedInterfaceOrientations = UIInterfaceOrientationPortrait;
				LD_RUNPATH_SEARCH_PATHS = (
					"$(inherited)",
					"@executable_path/Frameworks",
				);
				MARKETING_VERSION = 1.0;
				PRODUCT_BUNDLE_IDENTIFIER = com.soer.Swfit59;
				PRODUCT_NAME = "$(TARGET_NAME)";
				SUPPORTED_PLATFORMS = "iphoneos iphonesimulator";
				SUPPORTS_MACCATALYST = NO;
				SUPPORTS_MAC_DESIGNED_FOR_IPHONE_IPAD = NO;
				SWIFT_EMIT_LOC_STRINGS = YES;
				SWIFT_VERSION = 5.0;
				TARGETED_DEVICE_FAMILY = 1;
			};
			name = Release;
		};
/* End XCBuildConfiguration section */

/* Begin XCConfigurationList section */
		7CB03A432A4AD7C50078E96D /* Build configuration list for PBXProject "Swfit59" */ = {
			isa = XCConfigurationList;
			buildConfigurations = (
				7CB03A5A2A4AD7C70078E96D /* Debug */,
				7CB03A5B2A4AD7C70078E96D /* Release */,
			);
			defaultConfigurationIsVisible = 0;
			defaultConfigurationName = Release;
		};
		7CB03A5C2A4AD7C70078E96D /* Build configuration list for PBXNativeTarget "Swfit59" */ = {
			isa = XCConfigurationList;
			buildConfigurations = (
				7CB03A5D2A4AD7C70078E96D /* Debug */,
				7CB03A5E2A4AD7C70078E96D /* Release */,
			);
			defaultConfigurationIsVisible = 0;
			defaultConfigurationName = Release;
		};
/* End XCConfigurationList section */
	};
	rootObject = 7CB03A402A4AD7C50078E96D /* Project object */;
}
